// !$*UTF8*$!
{
	archiveVersion = 1;
	classes = {
	};
	objectVersion = 77;
	objects = {

/* Begin PBXBuildFile section */
		BF0803952D20DA5E0059FA55 /* MyTalliesWatch Watch App.app in Embed Watch Content */ = {isa = PBXBuildFile; fileRef = BF0803882D20DA5C0059FA55 /* MyTalliesWatch Watch App.app */; settings = {ATTRIBUTES = (RemoveHeadersOnCopy, ); }; };
		BF0803A02D20DAC20059FA55 /* TallyUpdateView.swift in Sources */ = {isa = PBXBuildFile; fileRef = BF08039D2D20DAC20059FA55 /* TallyUpdateView.swift */; };
		BF0803A12D20DAC20059FA55 /* MyTalliesWatchApp.swift in Sources */ = {isa = PBXBuildFile; fileRef = BF08039E2D20DAC20059FA55 /* MyTalliesWatchApp.swift */; };
		BF0803A22D20DAC20059FA55 /* Preview Assets.xcassets in Resources */ = {isa = PBXBuildFile; fileRef = BF08039A2D20DAC20059FA55 /* Preview Assets.xcassets */; };
		BF0803A32D20DAC20059FA55 /* Assets.xcassets in Resources */ = {isa = PBXBuildFile; fileRef = BF08039C2D20DAC20059FA55 /* Assets.xcassets */; };
		BF0803A52D20DCAD0059FA55 /* iOSConnectivity.swift in Sources */ = {isa = PBXBuildFile; fileRef = BF0803A42D20DCAD0059FA55 /* iOSConnectivity.swift */; };
		BF0803A72D20DF0D0059FA55 /* watchOSConnectivity.swift in Sources */ = {isa = PBXBuildFile; fileRef = BF0803A62D20DF0D0059FA55 /* watchOSConnectivity.swift */; };
		BF0803A92D20E2FC0059FA55 /* WatchTally.swift in Sources */ = {isa = PBXBuildFile; fileRef = BF0803A82D20E2FC0059FA55 /* WatchTally.swift */; };
		BF0803AA2D20E2FC0059FA55 /* WatchTally.swift in Sources */ = {isa = PBXBuildFile; fileRef = BF0803A82D20E2FC0059FA55 /* WatchTally.swift */; };
		BF0803AC2D20E3FF0059FA55 /* TallyManager.swift in Sources */ = {isa = PBXBuildFile; fileRef = BF0803AB2D20E3FF0059FA55 /* TallyManager.swift */; };
		BF0803AE2D20E6C10059FA55 /* SingleTallyView.swift in Sources */ = {isa = PBXBuildFile; fileRef = BF0803AD2D20E6C10059FA55 /* SingleTallyView.swift */; };
		BF0803B02D20EB790059FA55 /* MyTallyListView.swift in Sources */ = {isa = PBXBuildFile; fileRef = BF0803AF2D20EB790059FA55 /* MyTallyListView.swift */; };
		BF4FDA322D1FD7EB000F62EA /* TallyQuery.swift in Sources */ = {isa = PBXBuildFile; fileRef = BF4FDA312D1FD7EB000F62EA /* TallyQuery.swift */; };
		BF4FDA332D1FD843000F62EA /* TallyQuery.swift in Sources */ = {isa = PBXBuildFile; fileRef = BF4FDA312D1FD7EB000F62EA /* TallyQuery.swift */; };
		BF4FDA352D1FD882000F62EA /* TallyEntity.swift in Sources */ = {isa = PBXBuildFile; fileRef = BF4FDA342D1FD882000F62EA /* TallyEntity.swift */; };
		BF4FDA362D1FD8A8000F62EA /* TallyEntity.swift in Sources */ = {isa = PBXBuildFile; fileRef = BF4FDA342D1FD882000F62EA /* TallyEntity.swift */; };
		BF4FDA382D1FD9BB000F62EA /* TallyQuery+Extension.swift in Sources */ = {isa = PBXBuildFile; fileRef = BF4FDA372D1FD9BB000F62EA /* TallyQuery+Extension.swift */; };
		BF4FDA3A2D1FDA2C000F62EA /* UpdateNamedTallyIntent.swift in Sources */ = {isa = PBXBuildFile; fileRef = BF4FDA392D1FDA2C000F62EA /* UpdateNamedTallyIntent.swift */; };
		BF4FDA3C2D1FE466000F62EA /* TallyUpdateView.swift in Sources */ = {isa = PBXBuildFile; fileRef = BF4FDA3B2D1FE466000F62EA /* TallyUpdateView.swift */; };
		BFC3DA8F2D1FACFA004EF48D /* FirstTallyWidget.swift in Sources */ = {isa = PBXBuildFile; fileRef = BFC3DA8A2D1FACFA004EF48D /* FirstTallyWidget.swift */; };
		BFC3DA902D1FACFA004EF48D /* MyTalliesWidgetBundle.swift in Sources */ = {isa = PBXBuildFile; fileRef = BFC3DA8C2D1FACFA004EF48D /* MyTalliesWidgetBundle.swift */; };
		BFC3DA912D1FACFA004EF48D /* UpdateTallyIntent.swift in Sources */ = {isa = PBXBuildFile; fileRef = BFC3DA8D2D1FACFA004EF48D /* UpdateTallyIntent.swift */; };
		BFC3DA922D1FACFA004EF48D /* Assets.xcassets in Resources */ = {isa = PBXBuildFile; fileRef = BFC3DA892D1FACFA004EF48D /* Assets.xcassets */; };
		BFC3DA952D1FAD28004EF48D /* ConfigurationAppIntent.swift in Sources */ = {isa = PBXBuildFile; fileRef = BFC3DA942D1FAD28004EF48D /* ConfigurationAppIntent.swift */; };
		BFC3DA972D1FAD73004EF48D /* ConfigurableWidget.swift in Sources */ = {isa = PBXBuildFile; fileRef = BFC3DA962D1FAD73004EF48D /* ConfigurableWidget.swift */; };
		BFC3DA992D1FBD8C004EF48D /* ConfigurableUpdateIntent.swift in Sources */ = {isa = PBXBuildFile; fileRef = BFC3DA982D1FBD8C004EF48D /* ConfigurableUpdateIntent.swift */; };
		BFC3DA9B2D1FCDAD004EF48D /* Router.swift in Sources */ = {isa = PBXBuildFile; fileRef = BFC3DA9A2D1FCDAD004EF48D /* Router.swift */; };
		BFC3DA9E2D1FD179004EF48D /* MyTalliesShortCuts.swift in Sources */ = {isa = PBXBuildFile; fileRef = BFC3DA9D2D1FD179004EF48D /* MyTalliesShortCuts.swift */; };
		BFC3DA9F2D1FD23A004EF48D /* UpdateTallyIntent.swift in Sources */ = {isa = PBXBuildFile; fileRef = BFC3DA8D2D1FACFA004EF48D /* UpdateTallyIntent.swift */; };
		BFDB033A2D1CFF6C009BE07B /* Preview Assets.xcassets in Resources */ = {isa = PBXBuildFile; fileRef = BFDB03342D1CFF6C009BE07B /* Preview Assets.xcassets */; };
		BFDB033B2D1CFF6C009BE07B /* Assets.xcassets in Resources */ = {isa = PBXBuildFile; fileRef = BFDB03362D1CFF6C009BE07B /* Assets.xcassets */; };
		BFDB033C2D1CFF6C009BE07B /* TallySelectionView.swift in Sources */ = {isa = PBXBuildFile; fileRef = BFDB03372D1CFF6C009BE07B /* TallySelectionView.swift */; };
		BFDB033D2D1CFF6C009BE07B /* MyTalliesApp.swift in Sources */ = {isa = PBXBuildFile; fileRef = BFDB03382D1CFF6C009BE07B /* MyTalliesApp.swift */; };
		BFDB033F2D1D003B009BE07B /* Launch Screen.storyboard in Resources */ = {isa = PBXBuildFile; fileRef = BFDB033E2D1D003B009BE07B /* Launch Screen.storyboard */; };
		BFDB03412D1D0385009BE07B /* Tally.swift in Sources */ = {isa = PBXBuildFile; fileRef = BFDB03402D1D0385009BE07B /* Tally.swift */; };
		BFDB03432D1D049D009BE07B /* MockData.swift in Sources */ = {isa = PBXBuildFile; fileRef = BFDB03422D1D049D009BE07B /* MockData.swift */; };
		BFDB03452D1D0944009BE07B /* SingleTallyView.swift in Sources */ = {isa = PBXBuildFile; fileRef = BFDB03442D1D0944009BE07B /* SingleTallyView.swift */; };
		BFDB03472D1D13FF009BE07B /* NewTallyView.swift in Sources */ = {isa = PBXBuildFile; fileRef = BFDB03462D1D13FF009BE07B /* NewTallyView.swift */; };
		BFDB03502D1D2E2F009BE07B /* WidgetKit.framework in Frameworks */ = {isa = PBXBuildFile; fileRef = BFDB034F2D1D2E2F009BE07B /* WidgetKit.framework */; };
		BFDB03522D1D2E2F009BE07B /* SwiftUI.framework in Frameworks */ = {isa = PBXBuildFile; fileRef = BFDB03512D1D2E2F009BE07B /* SwiftUI.framework */; };
		BFDB035D2D1D2E31009BE07B /* MyTalliesWidgetExtension.appex in Embed Foundation Extensions */ = {isa = PBXBuildFile; fileRef = BFDB034D2D1D2E2F009BE07B /* MyTalliesWidgetExtension.appex */; settings = {ATTRIBUTES = (RemoveHeadersOnCopy, ); }; };
		BFDB03642D1D32E3009BE07B /* Tally.swift in Sources */ = {isa = PBXBuildFile; fileRef = BFDB03402D1D0385009BE07B /* Tally.swift */; };
		BFDB03652D1D3968009BE07B /* SingleTallyView.swift in Sources */ = {isa = PBXBuildFile; fileRef = BFDB03442D1D0944009BE07B /* SingleTallyView.swift */; };
/* End PBXBuildFile section */

/* Begin PBXContainerItemProxy section */
		BF0803932D20DA5E0059FA55 /* PBXContainerItemProxy */ = {
			isa = PBXContainerItemProxy;
			containerPortal = BFDB031B2D1CFF60009BE07B /* Project object */;
			proxyType = 1;
			remoteGlobalIDString = BF0803872D20DA5C0059FA55;
			remoteInfo = "MyTalliesWatch Watch App";
		};
		BFDB035B2D1D2E31009BE07B /* PBXContainerItemProxy */ = {
			isa = PBXContainerItemProxy;
			containerPortal = BFDB031B2D1CFF60009BE07B /* Project object */;
			proxyType = 1;
			remoteGlobalIDString = BFDB034C2D1D2E2F009BE07B;
			remoteInfo = MyTalliesWidgetExtension;
		};
/* End PBXContainerItemProxy section */

/* Begin PBXCopyFilesBuildPhase section */
		BF0803962D20DA5E0059FA55 /* Embed Watch Content */ = {
			isa = PBXCopyFilesBuildPhase;
			buildActionMask = 2147483647;
			dstPath = "$(CONTENTS_FOLDER_PATH)/Watch";
			dstSubfolderSpec = 16;
			files = (
				BF0803952D20DA5E0059FA55 /* MyTalliesWatch Watch App.app in Embed Watch Content */,
			);
			name = "Embed Watch Content";
			runOnlyForDeploymentPostprocessing = 0;
		};
		BFDB03622D1D2E31009BE07B /* Embed Foundation Extensions */ = {
			isa = PBXCopyFilesBuildPhase;
			buildActionMask = 2147483647;
			dstPath = "";
			dstSubfolderSpec = 13;
			files = (
				BFDB035D2D1D2E31009BE07B /* MyTalliesWidgetExtension.appex in Embed Foundation Extensions */,
			);
			name = "Embed Foundation Extensions";
			runOnlyForDeploymentPostprocessing = 0;
		};
/* End PBXCopyFilesBuildPhase section */

/* Begin PBXFileReference section */
		BF0803882D20DA5C0059FA55 /* MyTalliesWatch Watch App.app */ = {isa = PBXFileReference; explicitFileType = wrapper.application; includeInIndex = 0; path = "MyTalliesWatch Watch App.app"; sourceTree = BUILT_PRODUCTS_DIR; };
		BF08039A2D20DAC20059FA55 /* Preview Assets.xcassets */ = {isa = PBXFileReference; lastKnownFileType = folder.assetcatalog; path = "Preview Assets.xcassets"; sourceTree = "<group>"; };
		BF08039C2D20DAC20059FA55 /* Assets.xcassets */ = {isa = PBXFileReference; lastKnownFileType = folder.assetcatalog; path = Assets.xcassets; sourceTree = "<group>"; };
		BF08039D2D20DAC20059FA55 /* TallyUpdateView.swift */ = {isa = PBXFileReference; lastKnownFileType = sourcecode.swift; path = TallyUpdateView.swift; sourceTree = "<group>"; };
		BF08039E2D20DAC20059FA55 /* MyTalliesWatchApp.swift */ = {isa = PBXFileReference; lastKnownFileType = sourcecode.swift; path = MyTalliesWatchApp.swift; sourceTree = "<group>"; };
		BF0803A42D20DCAD0059FA55 /* iOSConnectivity.swift */ = {isa = PBXFileReference; lastKnownFileType = sourcecode.swift; path = iOSConnectivity.swift; sourceTree = "<group>"; };
		BF0803A62D20DF0D0059FA55 /* watchOSConnectivity.swift */ = {isa = PBXFileReference; lastKnownFileType = sourcecode.swift; path = watchOSConnectivity.swift; sourceTree = "<group>"; };
		BF0803A82D20E2FC0059FA55 /* WatchTally.swift */ = {isa = PBXFileReference; lastKnownFileType = sourcecode.swift; path = WatchTally.swift; sourceTree = "<group>"; };
		BF0803AB2D20E3FF0059FA55 /* TallyManager.swift */ = {isa = PBXFileReference; lastKnownFileType = sourcecode.swift; path = TallyManager.swift; sourceTree = "<group>"; };
		BF0803AD2D20E6C10059FA55 /* SingleTallyView.swift */ = {isa = PBXFileReference; lastKnownFileType = sourcecode.swift; path = SingleTallyView.swift; sourceTree = "<group>"; };
		BF0803AF2D20EB790059FA55 /* MyTallyListView.swift */ = {isa = PBXFileReference; lastKnownFileType = sourcecode.swift; path = MyTallyListView.swift; sourceTree = "<group>"; };
		BF4FDA312D1FD7EB000F62EA /* TallyQuery.swift */ = {isa = PBXFileReference; lastKnownFileType = sourcecode.swift; path = TallyQuery.swift; sourceTree = "<group>"; };
		BF4FDA342D1FD882000F62EA /* TallyEntity.swift */ = {isa = PBXFileReference; lastKnownFileType = sourcecode.swift; path = TallyEntity.swift; sourceTree = "<group>"; };
		BF4FDA372D1FD9BB000F62EA /* TallyQuery+Extension.swift */ = {isa = PBXFileReference; lastKnownFileType = sourcecode.swift; path = "TallyQuery+Extension.swift"; sourceTree = "<group>"; };
		BF4FDA392D1FDA2C000F62EA /* UpdateNamedTallyIntent.swift */ = {isa = PBXFileReference; lastKnownFileType = sourcecode.swift; path = UpdateNamedTallyIntent.swift; sourceTree = "<group>"; };
		BF4FDA3B2D1FE466000F62EA /* TallyUpdateView.swift */ = {isa = PBXFileReference; lastKnownFileType = sourcecode.swift; path = TallyUpdateView.swift; sourceTree = "<group>"; };
		BFC3DA892D1FACFA004EF48D /* Assets.xcassets */ = {isa = PBXFileReference; lastKnownFileType = folder.assetcatalog; path = Assets.xcassets; sourceTree = "<group>"; };
		BFC3DA8A2D1FACFA004EF48D /* FirstTallyWidget.swift */ = {isa = PBXFileReference; lastKnownFileType = sourcecode.swift; path = FirstTallyWidget.swift; sourceTree = "<group>"; };
		BFC3DA8B2D1FACFA004EF48D /* Info.plist */ = {isa = PBXFileReference; lastKnownFileType = text.plist.xml; path = Info.plist; sourceTree = "<group>"; };
		BFC3DA8C2D1FACFA004EF48D /* MyTalliesWidgetBundle.swift */ = {isa = PBXFileReference; lastKnownFileType = sourcecode.swift; path = MyTalliesWidgetBundle.swift; sourceTree = "<group>"; };
		BFC3DA8D2D1FACFA004EF48D /* UpdateTallyIntent.swift */ = {isa = PBXFileReference; lastKnownFileType = sourcecode.swift; path = UpdateTallyIntent.swift; sourceTree = "<group>"; };
		BFC3DA942D1FAD28004EF48D /* ConfigurationAppIntent.swift */ = {isa = PBXFileReference; lastKnownFileType = sourcecode.swift; path = ConfigurationAppIntent.swift; sourceTree = "<group>"; };
		BFC3DA962D1FAD73004EF48D /* ConfigurableWidget.swift */ = {isa = PBXFileReference; lastKnownFileType = sourcecode.swift; path = ConfigurableWidget.swift; sourceTree = "<group>"; };
		BFC3DA982D1FBD8C004EF48D /* ConfigurableUpdateIntent.swift */ = {isa = PBXFileReference; lastKnownFileType = sourcecode.swift; path = ConfigurableUpdateIntent.swift; sourceTree = "<group>"; };
		BFC3DA9A2D1FCDAD004EF48D /* Router.swift */ = {isa = PBXFileReference; lastKnownFileType = sourcecode.swift; path = Router.swift; sourceTree = "<group>"; };
		BFC3DA9D2D1FD179004EF48D /* MyTalliesShortCuts.swift */ = {isa = PBXFileReference; lastKnownFileType = sourcecode.swift; path = MyTalliesShortCuts.swift; sourceTree = "<group>"; };
		BFDB03232D1CFF60009BE07B /* MyTallies.app */ = {isa = PBXFileReference; explicitFileType = wrapper.application; includeInIndex = 0; path = MyTallies.app; sourceTree = BUILT_PRODUCTS_DIR; };
		BFDB03342D1CFF6C009BE07B /* Preview Assets.xcassets */ = {isa = PBXFileReference; lastKnownFileType = folder.assetcatalog; path = "Preview Assets.xcassets"; sourceTree = "<group>"; };
		BFDB03362D1CFF6C009BE07B /* Assets.xcassets */ = {isa = PBXFileReference; lastKnownFileType = folder.assetcatalog; path = Assets.xcassets; sourceTree = "<group>"; };
		BFDB03372D1CFF6C009BE07B /* TallySelectionView.swift */ = {isa = PBXFileReference; lastKnownFileType = sourcecode.swift; path = TallySelectionView.swift; sourceTree = "<group>"; };
		BFDB03382D1CFF6C009BE07B /* MyTalliesApp.swift */ = {isa = PBXFileReference; lastKnownFileType = sourcecode.swift; path = MyTalliesApp.swift; sourceTree = "<group>"; };
		BFDB033E2D1D003B009BE07B /* Launch Screen.storyboard */ = {isa = PBXFileReference; lastKnownFileType = file.storyboard; path = "Launch Screen.storyboard"; sourceTree = "<group>"; };
		BFDB03402D1D0385009BE07B /* Tally.swift */ = {isa = PBXFileReference; lastKnownFileType = sourcecode.swift; path = Tally.swift; sourceTree = "<group>"; };
		BFDB03422D1D049D009BE07B /* MockData.swift */ = {isa = PBXFileReference; lastKnownFileType = sourcecode.swift; path = MockData.swift; sourceTree = "<group>"; };
		BFDB03442D1D0944009BE07B /* SingleTallyView.swift */ = {isa = PBXFileReference; lastKnownFileType = sourcecode.swift; path = SingleTallyView.swift; sourceTree = "<group>"; };
		BFDB03462D1D13FF009BE07B /* NewTallyView.swift */ = {isa = PBXFileReference; lastKnownFileType = sourcecode.swift; path = NewTallyView.swift; sourceTree = "<group>"; };
		BFDB03482D1D2D43009BE07B /* MyTallies.entitlements */ = {isa = PBXFileReference; lastKnownFileType = text.plist.entitlements; path = MyTallies.entitlements; sourceTree = "<group>"; };
		BFDB034D2D1D2E2F009BE07B /* MyTalliesWidgetExtension.appex */ = {isa = PBXFileReference; explicitFileType = "wrapper.app-extension"; includeInIndex = 0; path = MyTalliesWidgetExtension.appex; sourceTree = BUILT_PRODUCTS_DIR; };
		BFDB034F2D1D2E2F009BE07B /* WidgetKit.framework */ = {isa = PBXFileReference; lastKnownFileType = wrapper.framework; name = WidgetKit.framework; path = System/Library/Frameworks/WidgetKit.framework; sourceTree = SDKROOT; };
		BFDB03512D1D2E2F009BE07B /* SwiftUI.framework */ = {isa = PBXFileReference; lastKnownFileType = wrapper.framework; name = SwiftUI.framework; path = System/Library/Frameworks/SwiftUI.framework; sourceTree = SDKROOT; };
		BFDB03632D1D2EA4009BE07B /* MyTalliesWidgetExtension.entitlements */ = {isa = PBXFileReference; lastKnownFileType = text.plist.entitlements; path = MyTalliesWidgetExtension.entitlements; sourceTree = "<group>"; };
/* End PBXFileReference section */

/* Begin PBXFrameworksBuildPhase section */
		BF0803852D20DA5C0059FA55 /* Frameworks */ = {
			isa = PBXFrameworksBuildPhase;
			buildActionMask = 2147483647;
			files = (
			);
			runOnlyForDeploymentPostprocessing = 0;
		};
		BFDB03202D1CFF60009BE07B /* Frameworks */ = {
			isa = PBXFrameworksBuildPhase;
			buildActionMask = 2147483647;
			files = (
			);
			runOnlyForDeploymentPostprocessing = 0;
		};
		BFDB034A2D1D2E2F009BE07B /* Frameworks */ = {
			isa = PBXFrameworksBuildPhase;
			buildActionMask = 2147483647;
			files = (
				BFDB03522D1D2E2F009BE07B /* SwiftUI.framework in Frameworks */,
				BFDB03502D1D2E2F009BE07B /* WidgetKit.framework in Frameworks */,
			);
			runOnlyForDeploymentPostprocessing = 0;
		};
/* End PBXFrameworksBuildPhase section */

/* Begin PBXGroup section */
		BF08039B2D20DAC20059FA55 /* Preview Content */ = {
			isa = PBXGroup;
			children = (
				BF08039A2D20DAC20059FA55 /* Preview Assets.xcassets */,
			);
			path = "Preview Content";
			sourceTree = "<group>";
		};
		BF08039F2D20DAC20059FA55 /* MyTalliesWatch Watch App */ = {
			isa = PBXGroup;
			children = (
				BF08039D2D20DAC20059FA55 /* TallyUpdateView.swift */,
				BF0803AD2D20E6C10059FA55 /* SingleTallyView.swift */,
				BF0803AF2D20EB790059FA55 /* MyTallyListView.swift */,
				BF08039E2D20DAC20059FA55 /* MyTalliesWatchApp.swift */,
				BF0803A62D20DF0D0059FA55 /* watchOSConnectivity.swift */,
				BF0803A82D20E2FC0059FA55 /* WatchTally.swift */,
				BF0803AB2D20E3FF0059FA55 /* TallyManager.swift */,
				BF08039C2D20DAC20059FA55 /* Assets.xcassets */,
				BF08039B2D20DAC20059FA55 /* Preview Content */,
			);
			path = "MyTalliesWatch Watch App";
			sourceTree = "<group>";
		};
		BFC3DA882D1FACFA004EF48D /* ConfigurableWidget */ = {
			isa = PBXGroup;
			children = (
				BF4FDA342D1FD882000F62EA /* TallyEntity.swift */,
				BF4FDA312D1FD7EB000F62EA /* TallyQuery.swift */,
				BF4FDA372D1FD9BB000F62EA /* TallyQuery+Extension.swift */,
				BFC3DA962D1FAD73004EF48D /* ConfigurableWidget.swift */,
				BFC3DA942D1FAD28004EF48D /* ConfigurationAppIntent.swift */,
				BFC3DA982D1FBD8C004EF48D /* ConfigurableUpdateIntent.swift */,
			);
			path = ConfigurableWidget;
			sourceTree = "<group>";
		};
		BFC3DA8E2D1FACFA004EF48D /* MyTalliesWidget */ = {
			isa = PBXGroup;
			children = (
				BFC3DA882D1FACFA004EF48D /* ConfigurableWidget */,
				BFC3DA8A2D1FACFA004EF48D /* FirstTallyWidget.swift */,
				BFC3DA8C2D1FACFA004EF48D /* MyTalliesWidgetBundle.swift */,
				BFC3DA8D2D1FACFA004EF48D /* UpdateTallyIntent.swift */,
				BFC3DA8B2D1FACFA004EF48D /* Info.plist */,
				BFC3DA892D1FACFA004EF48D /* Assets.xcassets */,
			);
			path = MyTalliesWidget;
			sourceTree = "<group>";
		};
		BFC3DA9C2D1FD13C004EF48D /* Siri Shortcuts */ = {
			isa = PBXGroup;
			children = (
				BFC3DA9D2D1FD179004EF48D /* MyTalliesShortCuts.swift */,
				BF4FDA392D1FDA2C000F62EA /* UpdateNamedTallyIntent.swift */,
				BF4FDA3B2D1FE466000F62EA /* TallyUpdateView.swift */,
			);
			path = "Siri Shortcuts";
			sourceTree = "<group>";
		};
		BFDB031A2D1CFF60009BE07B = {
			isa = PBXGroup;
			children = (
				BFDB03632D1D2EA4009BE07B /* MyTalliesWidgetExtension.entitlements */,
				BFDB03392D1CFF6C009BE07B /* MyTallies */,
				BFC3DA8E2D1FACFA004EF48D /* MyTalliesWidget */,
				BF08039F2D20DAC20059FA55 /* MyTalliesWatch Watch App */,
				BFDB034E2D1D2E2F009BE07B /* Frameworks */,
				BFDB03242D1CFF60009BE07B /* Products */,
			);
			sourceTree = "<group>";
		};
		BFDB03242D1CFF60009BE07B /* Products */ = {
			isa = PBXGroup;
			children = (
				BFDB03232D1CFF60009BE07B /* MyTallies.app */,
				BFDB034D2D1D2E2F009BE07B /* MyTalliesWidgetExtension.appex */,
				BF0803882D20DA5C0059FA55 /* MyTalliesWatch Watch App.app */,
			);
			name = Products;
			sourceTree = "<group>";
		};
		BFDB03352D1CFF6C009BE07B /* Preview Content */ = {
			isa = PBXGroup;
			children = (
				BFDB03342D1CFF6C009BE07B /* Preview Assets.xcassets */,
				BFDB03422D1D049D009BE07B /* MockData.swift */,
			);
			path = "Preview Content";
			sourceTree = "<group>";
		};
		BFDB03392D1CFF6C009BE07B /* MyTallies */ = {
			isa = PBXGroup;
			children = (
				BFC3DA9C2D1FD13C004EF48D /* Siri Shortcuts */,
				BFDB03482D1D2D43009BE07B /* MyTallies.entitlements */,
				BFDB03402D1D0385009BE07B /* Tally.swift */,
				BFDB03372D1CFF6C009BE07B /* TallySelectionView.swift */,
				BF0803A42D20DCAD0059FA55 /* iOSConnectivity.swift */,
				BFDB03442D1D0944009BE07B /* SingleTallyView.swift */,
				BFDB03462D1D13FF009BE07B /* NewTallyView.swift */,
				BFDB03382D1CFF6C009BE07B /* MyTalliesApp.swift */,
				BFC3DA9A2D1FCDAD004EF48D /* Router.swift */,
				BFDB033E2D1D003B009BE07B /* Launch Screen.storyboard */,
				BFDB03362D1CFF6C009BE07B /* Assets.xcassets */,
				BFDB03352D1CFF6C009BE07B /* Preview Content */,
			);
			path = MyTallies;
			sourceTree = "<group>";
		};
		BFDB034E2D1D2E2F009BE07B /* Frameworks */ = {
			isa = PBXGroup;
			children = (
				BFDB034F2D1D2E2F009BE07B /* WidgetKit.framework */,
				BFDB03512D1D2E2F009BE07B /* SwiftUI.framework */,
			);
			name = Frameworks;
			sourceTree = "<group>";
		};
/* End PBXGroup section */

/* Begin PBXNativeTarget section */
		BF0803872D20DA5C0059FA55 /* MyTalliesWatch Watch App */ = {
			isa = PBXNativeTarget;
			buildConfigurationList = BF0803992D20DA5E0059FA55 /* Build configuration list for PBXNativeTarget "MyTalliesWatch Watch App" */;
			buildPhases = (
				BF0803842D20DA5C0059FA55 /* Sources */,
				BF0803852D20DA5C0059FA55 /* Frameworks */,
				BF0803862D20DA5C0059FA55 /* Resources */,
			);
			buildRules = (
			);
			dependencies = (
			);
			name = "MyTalliesWatch Watch App";
			packageProductDependencies = (
			);
			productName = "MyTalliesWatch Watch App";
			productReference = BF0803882D20DA5C0059FA55 /* MyTalliesWatch Watch App.app */;
			productType = "com.apple.product-type.application";
		};
		BFDB03222D1CFF60009BE07B /* MyTallies */ = {
			isa = PBXNativeTarget;
			buildConfigurationList = BFDB03312D1CFF62009BE07B /* Build configuration list for PBXNativeTarget "MyTallies" */;
			buildPhases = (
				BFDB031F2D1CFF60009BE07B /* Sources */,
				BFDB03202D1CFF60009BE07B /* Frameworks */,
				BFDB03212D1CFF60009BE07B /* Resources */,
				BFDB03622D1D2E31009BE07B /* Embed Foundation Extensions */,
				BF0803962D20DA5E0059FA55 /* Embed Watch Content */,
			);
			buildRules = (
			);
			dependencies = (
				BFDB035C2D1D2E31009BE07B /* PBXTargetDependency */,
				BF0803942D20DA5E0059FA55 /* PBXTargetDependency */,
			);
			name = MyTallies;
			packageProductDependencies = (
			);
			productName = MyTallies;
			productReference = BFDB03232D1CFF60009BE07B /* MyTallies.app */;
			productType = "com.apple.product-type.application";
		};
		BFDB034C2D1D2E2F009BE07B /* MyTalliesWidgetExtension */ = {
			isa = PBXNativeTarget;
			buildConfigurationList = BFDB035F2D1D2E31009BE07B /* Build configuration list for PBXNativeTarget "MyTalliesWidgetExtension" */;
			buildPhases = (
				BFDB03492D1D2E2F009BE07B /* Sources */,
				BFDB034A2D1D2E2F009BE07B /* Frameworks */,
				BFDB034B2D1D2E2F009BE07B /* Resources */,
			);
			buildRules = (
			);
			dependencies = (
			);
			name = MyTalliesWidgetExtension;
			packageProductDependencies = (
			);
			productName = MyTalliesWidgetExtension;
			productReference = BFDB034D2D1D2E2F009BE07B /* MyTalliesWidgetExtension.appex */;
			productType = "com.apple.product-type.app-extension";
		};
/* End PBXNativeTarget section */

/* Begin PBXProject section */
		BFDB031B2D1CFF60009BE07B /* Project object */ = {
			isa = PBXProject;
			attributes = {
				BuildIndependentTargetsInParallel = 1;
				LastSwiftUpdateCheck = 1610;
				LastUpgradeCheck = 1610;
				TargetAttributes = {
					BF0803872D20DA5C0059FA55 = {
						CreatedOnToolsVersion = 16.1;
					};
					BFDB03222D1CFF60009BE07B = {
						CreatedOnToolsVersion = 16.1;
					};
					BFDB034C2D1D2E2F009BE07B = {
						CreatedOnToolsVersion = 16.1;
					};
				};
			};
			buildConfigurationList = BFDB031E2D1CFF60009BE07B /* Build configuration list for PBXProject "MyTallies" */;
			developmentRegion = en;
			hasScannedForEncodings = 0;
			knownRegions = (
				en,
				Base,
			);
			mainGroup = BFDB031A2D1CFF60009BE07B;
			minimizedProjectReferenceProxies = 1;
			preferredProjectObjectVersion = 77;
			productRefGroup = BFDB03242D1CFF60009BE07B /* Products */;
			projectDirPath = "";
			projectRoot = "";
			targets = (
				BFDB03222D1CFF60009BE07B /* MyTallies */,
				BFDB034C2D1D2E2F009BE07B /* MyTalliesWidgetExtension */,
				BF0803872D20DA5C0059FA55 /* MyTalliesWatch Watch App */,
			);
		};
/* End PBXProject section */

/* Begin PBXResourcesBuildPhase section */
		BF0803862D20DA5C0059FA55 /* Resources */ = {
			isa = PBXResourcesBuildPhase;
			buildActionMask = 2147483647;
			files = (
				BF0803A22D20DAC20059FA55 /* Preview Assets.xcassets in Resources */,
				BF0803A32D20DAC20059FA55 /* Assets.xcassets in Resources */,
			);
			runOnlyForDeploymentPostprocessing = 0;
		};
		BFDB03212D1CFF60009BE07B /* Resources */ = {
			isa = PBXResourcesBuildPhase;
			buildActionMask = 2147483647;
			files = (
				BFDB033F2D1D003B009BE07B /* Launch Screen.storyboard in Resources */,
				BFDB033A2D1CFF6C009BE07B /* Preview Assets.xcassets in Resources */,
				BFDB033B2D1CFF6C009BE07B /* Assets.xcassets in Resources */,
			);
			runOnlyForDeploymentPostprocessing = 0;
		};
		BFDB034B2D1D2E2F009BE07B /* Resources */ = {
			isa = PBXResourcesBuildPhase;
			buildActionMask = 2147483647;
			files = (
				BFC3DA922D1FACFA004EF48D /* Assets.xcassets in Resources */,
			);
			runOnlyForDeploymentPostprocessing = 0;
		};
/* End PBXResourcesBuildPhase section */

/* Begin PBXSourcesBuildPhase section */
		BF0803842D20DA5C0059FA55 /* Sources */ = {
			isa = PBXSourcesBuildPhase;
			buildActionMask = 2147483647;
			files = (
				BF0803A92D20E2FC0059FA55 /* WatchTally.swift in Sources */,
				BF0803A02D20DAC20059FA55 /* TallyUpdateView.swift in Sources */,
				BF0803A72D20DF0D0059FA55 /* watchOSConnectivity.swift in Sources */,
				BF0803B02D20EB790059FA55 /* MyTallyListView.swift in Sources */,
				BF0803AE2D20E6C10059FA55 /* SingleTallyView.swift in Sources */,
				BF0803AC2D20E3FF0059FA55 /* TallyManager.swift in Sources */,
				BF0803A12D20DAC20059FA55 /* MyTalliesWatchApp.swift in Sources */,
			);
			runOnlyForDeploymentPostprocessing = 0;
		};
		BFDB031F2D1CFF60009BE07B /* Sources */ = {
			isa = PBXSourcesBuildPhase;
			buildActionMask = 2147483647;
			files = (
				BF4FDA362D1FD8A8000F62EA /* TallyEntity.swift in Sources */,
				BFC3DA9F2D1FD23A004EF48D /* UpdateTallyIntent.swift in Sources */,
				BFDB033C2D1CFF6C009BE07B /* TallySelectionView.swift in Sources */,
				BFDB03432D1D049D009BE07B /* MockData.swift in Sources */,
				BF0803AA2D20E2FC0059FA55 /* WatchTally.swift in Sources */,
				BFDB03472D1D13FF009BE07B /* NewTallyView.swift in Sources */,
				BFC3DA9B2D1FCDAD004EF48D /* Router.swift in Sources */,
				BFDB03412D1D0385009BE07B /* Tally.swift in Sources */,
				BFDB033D2D1CFF6C009BE07B /* MyTalliesApp.swift in Sources */,
				BF0803A52D20DCAD0059FA55 /* iOSConnectivity.swift in Sources */,
				BF4FDA3C2D1FE466000F62EA /* TallyUpdateView.swift in Sources */,
				BF4FDA332D1FD843000F62EA /* TallyQuery.swift in Sources */,
				BFC3DA9E2D1FD179004EF48D /* MyTalliesShortCuts.swift in Sources */,
				BFDB03452D1D0944009BE07B /* SingleTallyView.swift in Sources */,
				BF4FDA3A2D1FDA2C000F62EA /* UpdateNamedTallyIntent.swift in Sources */,
			);
			runOnlyForDeploymentPostprocessing = 0;
		};
		BFDB03492D1D2E2F009BE07B /* Sources */ = {
			isa = PBXSourcesBuildPhase;
			buildActionMask = 2147483647;
			files = (
				BFC3DA8F2D1FACFA004EF48D /* FirstTallyWidget.swift in Sources */,
				BFC3DA902D1FACFA004EF48D /* MyTalliesWidgetBundle.swift in Sources */,
				BF4FDA322D1FD7EB000F62EA /* TallyQuery.swift in Sources */,
				BF4FDA352D1FD882000F62EA /* TallyEntity.swift in Sources */,
				BFC3DA972D1FAD73004EF48D /* ConfigurableWidget.swift in Sources */,
				BFC3DA952D1FAD28004EF48D /* ConfigurationAppIntent.swift in Sources */,
				BFC3DA912D1FACFA004EF48D /* UpdateTallyIntent.swift in Sources */,
				BFDB03642D1D32E3009BE07B /* Tally.swift in Sources */,
				BF4FDA382D1FD9BB000F62EA /* TallyQuery+Extension.swift in Sources */,
				BFDB03652D1D3968009BE07B /* SingleTallyView.swift in Sources */,
				BFC3DA992D1FBD8C004EF48D /* ConfigurableUpdateIntent.swift in Sources */,
			);
			runOnlyForDeploymentPostprocessing = 0;
		};
/* End PBXSourcesBuildPhase section */

/* Begin PBXTargetDependency section */
		BF0803942D20DA5E0059FA55 /* PBXTargetDependency */ = {
			isa = PBXTargetDependency;
			target = BF0803872D20DA5C0059FA55 /* MyTalliesWatch Watch App */;
			targetProxy = BF0803932D20DA5E0059FA55 /* PBXContainerItemProxy */;
		};
		BFDB035C2D1D2E31009BE07B /* PBXTargetDependency */ = {
			isa = PBXTargetDependency;
			target = BFDB034C2D1D2E2F009BE07B /* MyTalliesWidgetExtension */;
			targetProxy = BFDB035B2D1D2E31009BE07B /* PBXContainerItemProxy */;
		};
/* End PBXTargetDependency section */

/* Begin XCBuildConfiguration section */
		BF0803972D20DA5E0059FA55 /* Debug */ = {
			isa = XCBuildConfiguration;
			buildSettings = {
				ASSETCATALOG_COMPILER_APPICON_NAME = AppIcon;
				ASSETCATALOG_COMPILER_GLOBAL_ACCENT_COLOR_NAME = AccentColor;
				CODE_SIGN_STYLE = Automatic;
				CURRENT_PROJECT_VERSION = 1;
				DEVELOPMENT_ASSET_PATHS = "\"MyTalliesWatch Watch App/Preview Content\"";
				DEVELOPMENT_TEAM = T9MD4URZFH;
				ENABLE_PREVIEWS = YES;
				GENERATE_INFOPLIST_FILE = YES;
				INFOPLIST_KEY_CFBundleDisplayName = MyTalliesWatch;
				INFOPLIST_KEY_UISupportedInterfaceOrientations = "UIInterfaceOrientationPortrait UIInterfaceOrientationPortraitUpsideDown";
				INFOPLIST_KEY_WKCompanionAppBundleIdentifier = com.superkookai.MyTallies;
				LD_RUNPATH_SEARCH_PATHS = (
					"$(inherited)",
					"@executable_path/Frameworks",
				);
				MARKETING_VERSION = 1.0;
				PRODUCT_BUNDLE_IDENTIFIER = com.superkookai.MyTallies.watchkitapp;
				PRODUCT_NAME = "$(TARGET_NAME)";
				SDKROOT = watchos;
				SKIP_INSTALL = YES;
				SWIFT_EMIT_LOC_STRINGS = YES;
				SWIFT_VERSION = 5.0;
				TARGETED_DEVICE_FAMILY = 4;
				WATCHOS_DEPLOYMENT_TARGET = 11.1;
			};
			name = Debug;
		};
		BF0803982D20DA5E0059FA55 /* Release */ = {
			isa = XCBuildConfiguration;
			buildSettings = {
				ASSETCATALOG_COMPILER_APPICON_NAME = AppIcon;
				ASSETCATALOG_COMPILER_GLOBAL_ACCENT_COLOR_NAME = AccentColor;
				CODE_SIGN_STYLE = Automatic;
				CURRENT_PROJECT_VERSION = 1;
				DEVELOPMENT_ASSET_PATHS = "\"MyTalliesWatch Watch App/Preview Content\"";
				DEVELOPMENT_TEAM = T9MD4URZFH;
				ENABLE_PREVIEWS = YES;
				GENERATE_INFOPLIST_FILE = YES;
				INFOPLIST_KEY_CFBundleDisplayName = MyTalliesWatch;
				INFOPLIST_KEY_UISupportedInterfaceOrientations = "UIInterfaceOrientationPortrait UIInterfaceOrientationPortraitUpsideDown";
				INFOPLIST_KEY_WKCompanionAppBundleIdentifier = com.superkookai.MyTallies;
				LD_RUNPATH_SEARCH_PATHS = (
					"$(inherited)",
					"@executable_path/Frameworks",
				);
				MARKETING_VERSION = 1.0;
				PRODUCT_BUNDLE_IDENTIFIER = com.superkookai.MyTallies.watchkitapp;
				PRODUCT_NAME = "$(TARGET_NAME)";
				SDKROOT = watchos;
				SKIP_INSTALL = YES;
				SWIFT_EMIT_LOC_STRINGS = YES;
				SWIFT_VERSION = 5.0;
				TARGETED_DEVICE_FAMILY = 4;
				WATCHOS_DEPLOYMENT_TARGET = 11.1;
			};
			name = Release;
		};
		BFDB032F2D1CFF62009BE07B /* Debug */ = {
			isa = XCBuildConfiguration;
			buildSettings = {
				ALWAYS_SEARCH_USER_PATHS = NO;
				ASSETCATALOG_COMPILER_GENERATE_SWIFT_ASSET_SYMBOL_EXTENSIONS = YES;
				CLANG_ANALYZER_NONNULL = YES;
				CLANG_ANALYZER_NUMBER_OBJECT_CONVERSION = YES_AGGRESSIVE;
				CLANG_CXX_LANGUAGE_STANDARD = "gnu++20";
				CLANG_ENABLE_MODULES = YES;
				CLANG_ENABLE_OBJC_ARC = YES;
				CLANG_ENABLE_OBJC_WEAK = YES;
				CLANG_WARN_BLOCK_CAPTURE_AUTORELEASING = YES;
				CLANG_WARN_BOOL_CONVERSION = YES;
				CLANG_WARN_COMMA = YES;
				CLANG_WARN_CONSTANT_CONVERSION = YES;
				CLANG_WARN_DEPRECATED_OBJC_IMPLEMENTATIONS = YES;
				CLANG_WARN_DIRECT_OBJC_ISA_USAGE = YES_ERROR;
				CLANG_WARN_DOCUMENTATION_COMMENTS = YES;
				CLANG_WARN_EMPTY_BODY = YES;
				CLANG_WARN_ENUM_CONVERSION = YES;
				CLANG_WARN_INFINITE_RECURSION = YES;
				CLANG_WARN_INT_CONVERSION = YES;
				CLANG_WARN_NON_LITERAL_NULL_CONVERSION = YES;
				CLANG_WARN_OBJC_IMPLICIT_RETAIN_SELF = YES;
				CLANG_WARN_OBJC_LITERAL_CONVERSION = YES;
				CLANG_WARN_OBJC_ROOT_CLASS = YES_ERROR;
				CLANG_WARN_QUOTED_INCLUDE_IN_FRAMEWORK_HEADER = YES;
				CLANG_WARN_RANGE_LOOP_ANALYSIS = YES;
				CLANG_WARN_STRICT_PROTOTYPES = YES;
				CLANG_WARN_SUSPICIOUS_MOVE = YES;
				CLANG_WARN_UNGUARDED_AVAILABILITY = YES_AGGRESSIVE;
				CLANG_WARN_UNREACHABLE_CODE = YES;
				CLANG_WARN__DUPLICATE_METHOD_MATCH = YES;
				COPY_PHASE_STRIP = NO;
				DEBUG_INFORMATION_FORMAT = dwarf;
				ENABLE_STRICT_OBJC_MSGSEND = YES;
				ENABLE_TESTABILITY = YES;
				ENABLE_USER_SCRIPT_SANDBOXING = YES;
				GCC_C_LANGUAGE_STANDARD = gnu17;
				GCC_DYNAMIC_NO_PIC = NO;
				GCC_NO_COMMON_BLOCKS = YES;
				GCC_OPTIMIZATION_LEVEL = 0;
				GCC_PREPROCESSOR_DEFINITIONS = (
					"DEBUG=1",
					"$(inherited)",
				);
				GCC_WARN_64_TO_32_BIT_CONVERSION = YES;
				GCC_WARN_ABOUT_RETURN_TYPE = YES_ERROR;
				GCC_WARN_UNDECLARED_SELECTOR = YES;
				GCC_WARN_UNINITIALIZED_AUTOS = YES_AGGRESSIVE;
				GCC_WARN_UNUSED_FUNCTION = YES;
				GCC_WARN_UNUSED_VARIABLE = YES;
				IPHONEOS_DEPLOYMENT_TARGET = 18.1;
				LOCALIZATION_PREFERS_STRING_CATALOGS = YES;
				MTL_ENABLE_DEBUG_INFO = INCLUDE_SOURCE;
				MTL_FAST_MATH = YES;
				ONLY_ACTIVE_ARCH = YES;
				SDKROOT = iphoneos;
				SWIFT_ACTIVE_COMPILATION_CONDITIONS = "DEBUG $(inherited)";
				SWIFT_OPTIMIZATION_LEVEL = "-Onone";
			};
			name = Debug;
		};
		BFDB03302D1CFF62009BE07B /* Release */ = {
			isa = XCBuildConfiguration;
			buildSettings = {
				ALWAYS_SEARCH_USER_PATHS = NO;
				ASSETCATALOG_COMPILER_GENERATE_SWIFT_ASSET_SYMBOL_EXTENSIONS = YES;
				CLANG_ANALYZER_NONNULL = YES;
				CLANG_ANALYZER_NUMBER_OBJECT_CONVERSION = YES_AGGRESSIVE;
				CLANG_CXX_LANGUAGE_STANDARD = "gnu++20";
				CLANG_ENABLE_MODULES = YES;
				CLANG_ENABLE_OBJC_ARC = YES;
				CLANG_ENABLE_OBJC_WEAK = YES;
				CLANG_WARN_BLOCK_CAPTURE_AUTORELEASING = YES;
				CLANG_WARN_BOOL_CONVERSION = YES;
				CLANG_WARN_COMMA = YES;
				CLANG_WARN_CONSTANT_CONVERSION = YES;
				CLANG_WARN_DEPRECATED_OBJC_IMPLEMENTATIONS = YES;
				CLANG_WARN_DIRECT_OBJC_ISA_USAGE = YES_ERROR;
				CLANG_WARN_DOCUMENTATION_COMMENTS = YES;
				CLANG_WARN_EMPTY_BODY = YES;
				CLANG_WARN_ENUM_CONVERSION = YES;
				CLANG_WARN_INFINITE_RECURSION = YES;
				CLANG_WARN_INT_CONVERSION = YES;
				CLANG_WARN_NON_LITERAL_NULL_CONVERSION = YES;
				CLANG_WARN_OBJC_IMPLICIT_RETAIN_SELF = YES;
				CLANG_WARN_OBJC_LITERAL_CONVERSION = YES;
				CLANG_WARN_OBJC_ROOT_CLASS = YES_ERROR;
				CLANG_WARN_QUOTED_INCLUDE_IN_FRAMEWORK_HEADER = YES;
				CLANG_WARN_RANGE_LOOP_ANALYSIS = YES;
				CLANG_WARN_STRICT_PROTOTYPES = YES;
				CLANG_WARN_SUSPICIOUS_MOVE = YES;
				CLANG_WARN_UNGUARDED_AVAILABILITY = YES_AGGRESSIVE;
				CLANG_WARN_UNREACHABLE_CODE = YES;
				CLANG_WARN__DUPLICATE_METHOD_MATCH = YES;
				COPY_PHASE_STRIP = NO;
				DEBUG_INFORMATION_FORMAT = "dwarf-with-dsym";
				ENABLE_NS_ASSERTIONS = NO;
				ENABLE_STRICT_OBJC_MSGSEND = YES;
				ENABLE_USER_SCRIPT_SANDBOXING = YES;
				GCC_C_LANGUAGE_STANDARD = gnu17;
				GCC_NO_COMMON_BLOCKS = YES;
				GCC_WARN_64_TO_32_BIT_CONVERSION = YES;
				GCC_WARN_ABOUT_RETURN_TYPE = YES_ERROR;
				GCC_WARN_UNDECLARED_SELECTOR = YES;
				GCC_WARN_UNINITIALIZED_AUTOS = YES_AGGRESSIVE;
				GCC_WARN_UNUSED_FUNCTION = YES;
				GCC_WARN_UNUSED_VARIABLE = YES;
				IPHONEOS_DEPLOYMENT_TARGET = 18.1;
				LOCALIZATION_PREFERS_STRING_CATALOGS = YES;
				MTL_ENABLE_DEBUG_INFO = NO;
				MTL_FAST_MATH = YES;
				SDKROOT = iphoneos;
				SWIFT_COMPILATION_MODE = wholemodule;
				VALIDATE_PRODUCT = YES;
			};
			name = Release;
		};
		BFDB03322D1CFF62009BE07B /* Debug */ = {
			isa = XCBuildConfiguration;
			buildSettings = {
				ASSETCATALOG_COMPILER_APPICON_NAME = AppIcon;
				ASSETCATALOG_COMPILER_GLOBAL_ACCENT_COLOR_NAME = AccentColor;
				CODE_SIGN_ENTITLEMENTS = MyTallies/MyTallies.entitlements;
				CODE_SIGN_STYLE = Automatic;
				CURRENT_PROJECT_VERSION = 1;
				DEVELOPMENT_ASSET_PATHS = "\"MyTallies/Preview Content\"";
				DEVELOPMENT_TEAM = T9MD4URZFH;
				ENABLE_PREVIEWS = YES;
				GENERATE_INFOPLIST_FILE = YES;
				INFOPLIST_KEY_UIApplicationSceneManifest_Generation = YES;
				INFOPLIST_KEY_UIApplicationSupportsIndirectInputEvents = YES;
				INFOPLIST_KEY_UILaunchScreen_Generation = YES;
				INFOPLIST_KEY_UILaunchStoryboardName = l;
				INFOPLIST_KEY_UISupportedInterfaceOrientations_iPad = "UIInterfaceOrientationPortrait UIInterfaceOrientationPortraitUpsideDown UIInterfaceOrientationLandscapeLeft UIInterfaceOrientationLandscapeRight";
				INFOPLIST_KEY_UISupportedInterfaceOrientations_iPhone = "UIInterfaceOrientationPortrait UIInterfaceOrientationLandscapeLeft UIInterfaceOrientationLandscapeRight";
				IPHONEOS_DEPLOYMENT_TARGET = 18.0;
				LD_RUNPATH_SEARCH_PATHS = (
					"$(inherited)",
					"@executable_path/Frameworks",
				);
				MARKETING_VERSION = 1.0;
				PRODUCT_BUNDLE_IDENTIFIER = com.superkookai.MyTallies;
				PRODUCT_NAME = "$(TARGET_NAME)";
				SWIFT_EMIT_LOC_STRINGS = YES;
				SWIFT_VERSION = 5.0;
				TARGETED_DEVICE_FAMILY = "1,2";
			};
			name = Debug;
		};
		BFDB03332D1CFF62009BE07B /* Release */ = {
			isa = XCBuildConfiguration;
			buildSettings = {
				ASSETCATALOG_COMPILER_APPICON_NAME = AppIcon;
				ASSETCATALOG_COMPILER_GLOBAL_ACCENT_COLOR_NAME = AccentColor;
				CODE_SIGN_ENTITLEMENTS = MyTallies/MyTallies.entitlements;
				CODE_SIGN_STYLE = Automatic;
				CURRENT_PROJECT_VERSION = 1;
				DEVELOPMENT_ASSET_PATHS = "\"MyTallies/Preview Content\"";
				DEVELOPMENT_TEAM = T9MD4URZFH;
				ENABLE_PREVIEWS = YES;
				GENERATE_INFOPLIST_FILE = YES;
				INFOPLIST_KEY_UIApplicationSceneManifest_Generation = YES;
				INFOPLIST_KEY_UIApplicationSupportsIndirectInputEvents = YES;
				INFOPLIST_KEY_UILaunchScreen_Generation = YES;
				INFOPLIST_KEY_UILaunchStoryboardName = l;
				INFOPLIST_KEY_UISupportedInterfaceOrientations_iPad = "UIInterfaceOrientationPortrait UIInterfaceOrientationPortraitUpsideDown UIInterfaceOrientationLandscapeLeft UIInterfaceOrientationLandscapeRight";
				INFOPLIST_KEY_UISupportedInterfaceOrientations_iPhone = "UIInterfaceOrientationPortrait UIInterfaceOrientationLandscapeLeft UIInterfaceOrientationLandscapeRight";
				IPHONEOS_DEPLOYMENT_TARGET = 18.0;
				LD_RUNPATH_SEARCH_PATHS = (
					"$(inherited)",
					"@executable_path/Frameworks",
				);
				MARKETING_VERSION = 1.0;
				PRODUCT_BUNDLE_IDENTIFIER = com.superkookai.MyTallies;
				PRODUCT_NAME = "$(TARGET_NAME)";
				SWIFT_EMIT_LOC_STRINGS = YES;
				SWIFT_VERSION = 5.0;
				TARGETED_DEVICE_FAMILY = "1,2";
			};
			name = Release;
		};
		BFDB03602D1D2E31009BE07B /* Debug */ = {
			isa = XCBuildConfiguration;
			buildSettings = {
				ASSETCATALOG_COMPILER_GLOBAL_ACCENT_COLOR_NAME = AccentColor;
				ASSETCATALOG_COMPILER_WIDGET_BACKGROUND_COLOR_NAME = WidgetBackground;
				CODE_SIGN_ENTITLEMENTS = MyTalliesWidgetExtension.entitlements;
				CODE_SIGN_STYLE = Automatic;
				CURRENT_PROJECT_VERSION = 1;
				DEVELOPMENT_TEAM = T9MD4URZFH;
				GENERATE_INFOPLIST_FILE = YES;
				INFOPLIST_FILE = MyTalliesWidget/Info.plist;
				INFOPLIST_KEY_CFBundleDisplayName = MyTalliesWidget;
				INFOPLIST_KEY_NSHumanReadableCopyright = "";
				LD_RUNPATH_SEARCH_PATHS = (
					"$(inherited)",
					"@executable_path/Frameworks",
					"@executable_path/../../Frameworks",
				);
				MARKETING_VERSION = 1.0;
				PRODUCT_BUNDLE_IDENTIFIER = com.superkookai.MyTallies.MyTalliesWidget;
				PRODUCT_NAME = "$(TARGET_NAME)";
				SKIP_INSTALL = YES;
				SWIFT_EMIT_LOC_STRINGS = YES;
				SWIFT_VERSION = 5.0;
				TARGETED_DEVICE_FAMILY = "1,2";
			};
			name = Debug;
		};
		BFDB03612D1D2E31009BE07B /* Release */ = {
			isa = XCBuildConfiguration;
			buildSettings = {
				ASSETCATALOG_COMPILER_GLOBAL_ACCENT_COLOR_NAME = AccentColor;
				ASSETCATALOG_COMPILER_WIDGET_BACKGROUND_COLOR_NAME = WidgetBackground;
				CODE_SIGN_ENTITLEMENTS = MyTalliesWidgetExtension.entitlements;
				CODE_SIGN_STYLE = Automatic;
				CURRENT_PROJECT_VERSION = 1;
				DEVELOPMENT_TEAM = T9MD4URZFH;
				GENERATE_INFOPLIST_FILE = YES;
				INFOPLIST_FILE = MyTalliesWidget/Info.plist;
				INFOPLIST_KEY_CFBundleDisplayName = MyTalliesWidget;
				INFOPLIST_KEY_NSHumanReadableCopyright = "";
				LD_RUNPATH_SEARCH_PATHS = (
					"$(inherited)",
					"@executable_path/Frameworks",
					"@executable_path/../../Frameworks",
				);
				MARKETING_VERSION = 1.0;
				PRODUCT_BUNDLE_IDENTIFIER = com.superkookai.MyTallies.MyTalliesWidget;
				PRODUCT_NAME = "$(TARGET_NAME)";
				SKIP_INSTALL = YES;
				SWIFT_EMIT_LOC_STRINGS = YES;
				SWIFT_VERSION = 5.0;
				TARGETED_DEVICE_FAMILY = "1,2";
			};
			name = Release;
		};
/* End XCBuildConfiguration section */

/* Begin XCConfigurationList section */
		BF0803992D20DA5E0059FA55 /* Build configuration list for PBXNativeTarget "MyTalliesWatch Watch App" */ = {
			isa = XCConfigurationList;
			buildConfigurations = (
				BF0803972D20DA5E0059FA55 /* Debug */,
				BF0803982D20DA5E0059FA55 /* Release */,
			);
			defaultConfigurationIsVisible = 0;
			defaultConfigurationName = Release;
		};
		BFDB031E2D1CFF60009BE07B /* Build configuration list for PBXProject "MyTallies" */ = {
			isa = XCConfigurationList;
			buildConfigurations = (
				BFDB032F2D1CFF62009BE07B /* Debug */,
				BFDB03302D1CFF62009BE07B /* Release */,
			);
			defaultConfigurationIsVisible = 0;
			defaultConfigurationName = Release;
		};
		BFDB03312D1CFF62009BE07B /* Build configuration list for PBXNativeTarget "MyTallies" */ = {
			isa = XCConfigurationList;
			buildConfigurations = (
				BFDB03322D1CFF62009BE07B /* Debug */,
				BFDB03332D1CFF62009BE07B /* Release */,
			);
			defaultConfigurationIsVisible = 0;
			defaultConfigurationName = Release;
		};
		BFDB035F2D1D2E31009BE07B /* Build configuration list for PBXNativeTarget "MyTalliesWidgetExtension" */ = {
			isa = XCConfigurationList;
			buildConfigurations = (
				BFDB03602D1D2E31009BE07B /* Debug */,
				BFDB03612D1D2E31009BE07B /* Release */,
			);
			defaultConfigurationIsVisible = 0;
			defaultConfigurationName = Release;
		};
/* End XCConfigurationList section */
	};
	rootObject = BFDB031B2D1CFF60009BE07B /* Project object */;
}
