// !$*UTF8*$!
{
	archiveVersion = 1;
	classes = {
	};
	objectVersion = 77;
	objects = {

/* Begin PBXBuildFile section */
		BFDB033A2D1CFF6C009BE07B /* Preview Assets.xcassets in Resources */ = {isa = PBXBuildFile; fileRef = BFDB03342D1CFF6C009BE07B /* Preview Assets.xcassets */; };
		BFDB033B2D1CFF6C009BE07B /* Assets.xcassets in Resources */ = {isa = PBXBuildFile; fileRef = BFDB03362D1CFF6C009BE07B /* Assets.xcassets */; };
		BFDB033C2D1CFF6C009BE07B /* TallySelectionView.swift in Sources */ = {isa = PBXBuildFile; fileRef = BFDB03372D1CFF6C009BE07B /* TallySelectionView.swift */; };
		BFDB033D2D1CFF6C009BE07B /* MyTalliesApp.swift in Sources */ = {isa = PBXBuildFile; fileRef = BFDB03382D1CFF6C009BE07B /* MyTalliesApp.swift */; };
		BFDB033F2D1D003B009BE07B /* Launch Screen.storyboard in Resources */ = {isa = PBXBuildFile; fileRef = BFDB033E2D1D003B009BE07B /* Launch Screen.storyboard */; };
		BFDB03412D1D0385009BE07B /* Tally.swift in Sources */ = {isa = PBXBuildFile; fileRef = BFDB03402D1D0385009BE07B /* Tally.swift */; };
		BFDB03432D1D049D009BE07B /* MockData.swift in Sources */ = {isa = PBXBuildFile; fileRef = BFDB03422D1D049D009BE07B /* MockData.swift */; };
		BFDB03452D1D0944009BE07B /* SingleTallyView.swift in Sources */ = {isa = PBXBuildFile; fileRef = BFDB03442D1D0944009BE07B /* SingleTallyView.swift */; };
		BFDB03472D1D13FF009BE07B /* NewTallyView.swift in Sources */ = {isa = PBXBuildFile; fileRef = BFDB03462D1D13FF009BE07B /* NewTallyView.swift */; };
		BFDB03502D1D2E2F009BE07B /* WidgetKit.framework in Frameworks */ = {isa = PBXBuildFile; fileRef = BFDB034F2D1D2E2F009BE07B /* WidgetKit.framework */; };
		BFDB03522D1D2E2F009BE07B /* SwiftUI.framework in Frameworks */ = {isa = PBXBuildFile; fileRef = BFDB03512D1D2E2F009BE07B /* SwiftUI.framework */; };
		BFDB035D2D1D2E31009BE07B /* MyTalliesWidgetExtension.appex in Embed Foundation Extensions */ = {isa = PBXBuildFile; fileRef = BFDB034D2D1D2E2F009BE07B /* MyTalliesWidgetExtension.appex */; settings = {ATTRIBUTES = (RemoveHeadersOnCopy, ); }; };
		BFDB03642D1D32E3009BE07B /* Tally.swift in Sources */ = {isa = PBXBuildFile; fileRef = BFDB03402D1D0385009BE07B /* Tally.swift */; };
		BFDB03652D1D3968009BE07B /* SingleTallyView.swift in Sources */ = {isa = PBXBuildFile; fileRef = BFDB03442D1D0944009BE07B /* SingleTallyView.swift */; };
/* End PBXBuildFile section */

/* Begin PBXContainerItemProxy section */
		BFDB035B2D1D2E31009BE07B /* PBXContainerItemProxy */ = {
			isa = PBXContainerItemProxy;
			containerPortal = BFDB031B2D1CFF60009BE07B /* Project object */;
			proxyType = 1;
			remoteGlobalIDString = BFDB034C2D1D2E2F009BE07B;
			remoteInfo = MyTalliesWidgetExtension;
		};
/* End PBXContainerItemProxy section */

/* Begin PBXCopyFilesBuildPhase section */
		BFDB03622D1D2E31009BE07B /* Embed Foundation Extensions */ = {
			isa = PBXCopyFilesBuildPhase;
			buildActionMask = 2147483647;
			dstPath = "";
			dstSubfolderSpec = 13;
			files = (
				BFDB035D2D1D2E31009BE07B /* MyTalliesWidgetExtension.appex in Embed Foundation Extensions */,
			);
			name = "Embed Foundation Extensions";
			runOnlyForDeploymentPostprocessing = 0;
		};
/* End PBXCopyFilesBuildPhase section */

/* Begin PBXFileReference section */
		BFDB03232D1CFF60009BE07B /* MyTallies.app */ = {isa = PBXFileReference; explicitFileType = wrapper.application; includeInIndex = 0; path = MyTallies.app; sourceTree = BUILT_PRODUCTS_DIR; };
		BFDB03342D1CFF6C009BE07B /* Preview Assets.xcassets */ = {isa = PBXFileReference; lastKnownFileType = folder.assetcatalog; path = "Preview Assets.xcassets"; sourceTree = "<group>"; };
		BFDB03362D1CFF6C009BE07B /* Assets.xcassets */ = {isa = PBXFileReference; lastKnownFileType = folder.assetcatalog; path = Assets.xcassets; sourceTree = "<group>"; };
		BFDB03372D1CFF6C009BE07B /* TallySelectionView.swift */ = {isa = PBXFileReference; lastKnownFileType = sourcecode.swift; path = TallySelectionView.swift; sourceTree = "<group>"; };
		BFDB03382D1CFF6C009BE07B /* MyTalliesApp.swift */ = {isa = PBXFileReference; lastKnownFileType = sourcecode.swift; path = MyTalliesApp.swift; sourceTree = "<group>"; };
		BFDB033E2D1D003B009BE07B /* Launch Screen.storyboard */ = {isa = PBXFileReference; lastKnownFileType = file.storyboard; path = "Launch Screen.storyboard"; sourceTree = "<group>"; };
		BFDB03402D1D0385009BE07B /* Tally.swift */ = {isa = PBXFileReference; lastKnownFileType = sourcecode.swift; path = Tally.swift; sourceTree = "<group>"; };
		BFDB03422D1D049D009BE07B /* MockData.swift */ = {isa = PBXFileReference; lastKnownFileType = sourcecode.swift; path = MockData.swift; sourceTree = "<group>"; };
		BFDB03442D1D0944009BE07B /* SingleTallyView.swift */ = {isa = PBXFileReference; lastKnownFileType = sourcecode.swift; path = SingleTallyView.swift; sourceTree = "<group>"; };
		BFDB03462D1D13FF009BE07B /* NewTallyView.swift */ = {isa = PBXFileReference; lastKnownFileType = sourcecode.swift; path = NewTallyView.swift; sourceTree = "<group>"; };
		BFDB03482D1D2D43009BE07B /* MyTallies.entitlements */ = {isa = PBXFileReference; lastKnownFileType = text.plist.entitlements; path = MyTallies.entitlements; sourceTree = "<group>"; };
		BFDB034D2D1D2E2F009BE07B /* MyTalliesWidgetExtension.appex */ = {isa = PBXFileReference; explicitFileType = "wrapper.app-extension"; includeInIndex = 0; path = MyTalliesWidgetExtension.appex; sourceTree = BUILT_PRODUCTS_DIR; };
		BFDB034F2D1D2E2F009BE07B /* WidgetKit.framework */ = {isa = PBXFileReference; lastKnownFileType = wrapper.framework; name = WidgetKit.framework; path = System/Library/Frameworks/WidgetKit.framework; sourceTree = SDKROOT; };
		BFDB03512D1D2E2F009BE07B /* SwiftUI.framework */ = {isa = PBXFileReference; lastKnownFileType = wrapper.framework; name = SwiftUI.framework; path = System/Library/Frameworks/SwiftUI.framework; sourceTree = SDKROOT; };
		BFDB03632D1D2EA4009BE07B /* MyTalliesWidgetExtension.entitlements */ = {isa = PBXFileReference; lastKnownFileType = text.plist.entitlements; path = MyTalliesWidgetExtension.entitlements; sourceTree = "<group>"; };
/* End PBXFileReference section */

/* Begin PBXFileSystemSynchronizedBuildFileExceptionSet section */
		BFDB035E2D1D2E31009BE07B /* Exceptions for "MyTalliesWidget" folder in "MyTalliesWidgetExtension" target */ = {
			isa = PBXFileSystemSynchronizedBuildFileExceptionSet;
			membershipExceptions = (
				Info.plist,
			);
			target = BFDB034C2D1D2E2F009BE07B /* MyTalliesWidgetExtension */;
		};
/* End PBXFileSystemSynchronizedBuildFileExceptionSet section */

/* Begin PBXFileSystemSynchronizedRootGroup section */
		BFDB03532D1D2E2F009BE07B /* MyTalliesWidget */ = {
			isa = PBXFileSystemSynchronizedRootGroup;
			exceptions = (
				BFDB035E2D1D2E31009BE07B /* Exceptions for "MyTalliesWidget" folder in "MyTalliesWidgetExtension" target */,
			);
			path = MyTalliesWidget;
			sourceTree = "<group>";
		};
/* End PBXFileSystemSynchronizedRootGroup section */

/* Begin PBXFrameworksBuildPhase section */
		BFDB03202D1CFF60009BE07B /* Frameworks */ = {
			isa = PBXFrameworksBuildPhase;
			buildActionMask = 2147483647;
			files = (
			);
			runOnlyForDeploymentPostprocessing = 0;
		};
		BFDB034A2D1D2E2F009BE07B /* Frameworks */ = {
			isa = PBXFrameworksBuildPhase;
			buildActionMask = 2147483647;
			files = (
				BFDB03522D1D2E2F009BE07B /* SwiftUI.framework in Frameworks */,
				BFDB03502D1D2E2F009BE07B /* WidgetKit.framework in Frameworks */,
			);
			runOnlyForDeploymentPostprocessing = 0;
		};
/* End PBXFrameworksBuildPhase section */

/* Begin PBXGroup section */
		BFDB031A2D1CFF60009BE07B = {
			isa = PBXGroup;
			children = (
				BFDB03632D1D2EA4009BE07B /* MyTalliesWidgetExtension.entitlements */,
				BFDB03392D1CFF6C009BE07B /* MyTallies */,
				BFDB03532D1D2E2F009BE07B /* MyTalliesWidget */,
				BFDB034E2D1D2E2F009BE07B /* Frameworks */,
				BFDB03242D1CFF60009BE07B /* Products */,
			);
			sourceTree = "<group>";
		};
		BFDB03242D1CFF60009BE07B /* Products */ = {
			isa = PBXGroup;
			children = (
				BFDB03232D1CFF60009BE07B /* MyTallies.app */,
				BFDB034D2D1D2E2F009BE07B /* MyTalliesWidgetExtension.appex */,
			);
			name = Products;
			sourceTree = "<group>";
		};
		BFDB03352D1CFF6C009BE07B /* Preview Content */ = {
			isa = PBXGroup;
			children = (
				BFDB03342D1CFF6C009BE07B /* Preview Assets.xcassets */,
				BFDB03422D1D049D009BE07B /* MockData.swift */,
			);
			path = "Preview Content";
			sourceTree = "<group>";
		};
		BFDB03392D1CFF6C009BE07B /* MyTallies */ = {
			isa = PBXGroup;
			children = (
				BFDB03482D1D2D43009BE07B /* MyTallies.entitlements */,
				BFDB03402D1D0385009BE07B /* Tally.swift */,
				BFDB03372D1CFF6C009BE07B /* TallySelectionView.swift */,
				BFDB03442D1D0944009BE07B /* SingleTallyView.swift */,
				BFDB03462D1D13FF009BE07B /* NewTallyView.swift */,
				BFDB03382D1CFF6C009BE07B /* MyTalliesApp.swift */,
				BFDB033E2D1D003B009BE07B /* Launch Screen.storyboard */,
				BFDB03362D1CFF6C009BE07B /* Assets.xcassets */,
				BFDB03352D1CFF6C009BE07B /* Preview Content */,
			);
			path = MyTallies;
			sourceTree = "<group>";
		};
		BFDB034E2D1D2E2F009BE07B /* Frameworks */ = {
			isa = PBXGroup;
			children = (
				BFDB034F2D1D2E2F009BE07B /* WidgetKit.framework */,
				BFDB03512D1D2E2F009BE07B /* SwiftUI.framework */,
			);
			name = Frameworks;
			sourceTree = "<group>";
		};
/* End PBXGroup section */

/* Begin PBXNativeTarget section */
		BFDB03222D1CFF60009BE07B /* MyTallies */ = {
			isa = PBXNativeTarget;
			buildConfigurationList = BFDB03312D1CFF62009BE07B /* Build configuration list for PBXNativeTarget "MyTallies" */;
			buildPhases = (
				BFDB031F2D1CFF60009BE07B /* Sources */,
				BFDB03202D1CFF60009BE07B /* Frameworks */,
				BFDB03212D1CFF60009BE07B /* Resources */,
				BFDB03622D1D2E31009BE07B /* Embed Foundation Extensions */,
			);
			buildRules = (
			);
			dependencies = (
				BFDB035C2D1D2E31009BE07B /* PBXTargetDependency */,
			);
			name = MyTallies;
			packageProductDependencies = (
			);
			productName = MyTallies;
			productReference = BFDB03232D1CFF60009BE07B /* MyTallies.app */;
			productType = "com.apple.product-type.application";
		};
		BFDB034C2D1D2E2F009BE07B /* MyTalliesWidgetExtension */ = {
			isa = PBXNativeTarget;
			buildConfigurationList = BFDB035F2D1D2E31009BE07B /* Build configuration list for PBXNativeTarget "MyTalliesWidgetExtension" */;
			buildPhases = (
				BFDB03492D1D2E2F009BE07B /* Sources */,
				BFDB034A2D1D2E2F009BE07B /* Frameworks */,
				BFDB034B2D1D2E2F009BE07B /* Resources */,
			);
			buildRules = (
			);
			dependencies = (
			);
			fileSystemSynchronizedGroups = (
				BFDB03532D1D2E2F009BE07B /* MyTalliesWidget */,
			);
			name = MyTalliesWidgetExtension;
			packageProductDependencies = (
			);
			productName = MyTalliesWidgetExtension;
			productReference = BFDB034D2D1D2E2F009BE07B /* MyTalliesWidgetExtension.appex */;
			productType = "com.apple.product-type.app-extension";
		};
/* End PBXNativeTarget section */

/* Begin PBXProject section */
		BFDB031B2D1CFF60009BE07B /* Project object */ = {
			isa = PBXProject;
			attributes = {
				BuildIndependentTargetsInParallel = 1;
				LastSwiftUpdateCheck = 1610;
				LastUpgradeCheck = 1610;
				TargetAttributes = {
					BFDB03222D1CFF60009BE07B = {
						CreatedOnToolsVersion = 16.1;
					};
					BFDB034C2D1D2E2F009BE07B = {
						CreatedOnToolsVersion = 16.1;
					};
				};
			};
			buildConfigurationList = BFDB031E2D1CFF60009BE07B /* Build configuration list for PBXProject "MyTallies" */;
			developmentRegion = en;
			hasScannedForEncodings = 0;
			knownRegions = (
				en,
				Base,
			);
			mainGroup = BFDB031A2D1CFF60009BE07B;
			minimizedProjectReferenceProxies = 1;
			preferredProjectObjectVersion = 77;
			productRefGroup = BFDB03242D1CFF60009BE07B /* Products */;
			projectDirPath = "";
			projectRoot = "";
			targets = (
				BFDB03222D1CFF60009BE07B /* MyTallies */,
				BFDB034C2D1D2E2F009BE07B /* MyTalliesWidgetExtension */,
			);
		};
/* End PBXProject section */

/* Begin PBXResourcesBuildPhase section */
		BFDB03212D1CFF60009BE07B /* Resources */ = {
			isa = PBXResourcesBuildPhase;
			buildActionMask = 2147483647;
			files = (
				BFDB033F2D1D003B009BE07B /* Launch Screen.storyboard in Resources */,
				BFDB033A2D1CFF6C009BE07B /* Preview Assets.xcassets in Resources */,
				BFDB033B2D1CFF6C009BE07B /* Assets.xcassets in Resources */,
			);
			runOnlyForDeploymentPostprocessing = 0;
		};
		BFDB034B2D1D2E2F009BE07B /* Resources */ = {
			isa = PBXResourcesBuildPhase;
			buildActionMask = 2147483647;
			files = (
			);
			runOnlyForDeploymentPostprocessing = 0;
		};
/* End PBXResourcesBuildPhase section */

/* Begin PBXSourcesBuildPhase section */
		BFDB031F2D1CFF60009BE07B /* Sources */ = {
			isa = PBXSourcesBuildPhase;
			buildActionMask = 2147483647;
			files = (
				BFDB033C2D1CFF6C009BE07B /* TallySelectionView.swift in Sources */,
				BFDB03432D1D049D009BE07B /* MockData.swift in Sources */,
				BFDB03472D1D13FF009BE07B /* NewTallyView.swift in Sources */,
				BFDB03412D1D0385009BE07B /* Tally.swift in Sources */,
				BFDB033D2D1CFF6C009BE07B /* MyTalliesApp.swift in Sources */,
				BFDB03452D1D0944009BE07B /* SingleTallyView.swift in Sources */,
			);
			runOnlyForDeploymentPostprocessing = 0;
		};
		BFDB03492D1D2E2F009BE07B /* Sources */ = {
			isa = PBXSourcesBuildPhase;
			buildActionMask = 2147483647;
			files = (
				BFDB03642D1D32E3009BE07B /* Tally.swift in Sources */,
				BFDB03652D1D3968009BE07B /* SingleTallyView.swift in Sources */,
			);
			runOnlyForDeploymentPostprocessing = 0;
		};
/* End PBXSourcesBuildPhase section */

/* Begin PBXTargetDependency section */
		BFDB035C2D1D2E31009BE07B /* PBXTargetDependency */ = {
			isa = PBXTargetDependency;
			target = BFDB034C2D1D2E2F009BE07B /* MyTalliesWidgetExtension */;
			targetProxy = BFDB035B2D1D2E31009BE07B /* PBXContainerItemProxy */;
		};
/* End PBXTargetDependency section */

/* Begin XCBuildConfiguration section */
		BFDB032F2D1CFF62009BE07B /* Debug */ = {
			isa = XCBuildConfiguration;
			buildSettings = {
				ALWAYS_SEARCH_USER_PATHS = NO;
				ASSETCATALOG_COMPILER_GENERATE_SWIFT_ASSET_SYMBOL_EXTENSIONS = YES;
				CLANG_ANALYZER_NONNULL = YES;
				CLANG_ANALYZER_NUMBER_OBJECT_CONVERSION = YES_AGGRESSIVE;
				CLANG_CXX_LANGUAGE_STANDARD = "gnu++20";
				CLANG_ENABLE_MODULES = YES;
				CLANG_ENABLE_OBJC_ARC = YES;
				CLANG_ENABLE_OBJC_WEAK = YES;
				CLANG_WARN_BLOCK_CAPTURE_AUTORELEASING = YES;
				CLANG_WARN_BOOL_CONVERSION = YES;
				CLANG_WARN_COMMA = YES;
				CLANG_WARN_CONSTANT_CONVERSION = YES;
				CLANG_WARN_DEPRECATED_OBJC_IMPLEMENTATIONS = YES;
				CLANG_WARN_DIRECT_OBJC_ISA_USAGE = YES_ERROR;
				CLANG_WARN_DOCUMENTATION_COMMENTS = YES;
				CLANG_WARN_EMPTY_BODY = YES;
				CLANG_WARN_ENUM_CONVERSION = YES;
				CLANG_WARN_INFINITE_RECURSION = YES;
				CLANG_WARN_INT_CONVERSION = YES;
				CLANG_WARN_NON_LITERAL_NULL_CONVERSION = YES;
				CLANG_WARN_OBJC_IMPLICIT_RETAIN_SELF = YES;
				CLANG_WARN_OBJC_LITERAL_CONVERSION = YES;
				CLANG_WARN_OBJC_ROOT_CLASS = YES_ERROR;
				CLANG_WARN_QUOTED_INCLUDE_IN_FRAMEWORK_HEADER = YES;
				CLANG_WARN_RANGE_LOOP_ANALYSIS = YES;
				CLANG_WARN_STRICT_PROTOTYPES = YES;
				CLANG_WARN_SUSPICIOUS_MOVE = YES;
				CLANG_WARN_UNGUARDED_AVAILABILITY = YES_AGGRESSIVE;
				CLANG_WARN_UNREACHABLE_CODE = YES;
				CLANG_WARN__DUPLICATE_METHOD_MATCH = YES;
				COPY_PHASE_STRIP = NO;
				DEBUG_INFORMATION_FORMAT = dwarf;
				ENABLE_STRICT_OBJC_MSGSEND = YES;
				ENABLE_TESTABILITY = YES;
				ENABLE_USER_SCRIPT_SANDBOXING = YES;
				GCC_C_LANGUAGE_STANDARD = gnu17;
				GCC_DYNAMIC_NO_PIC = NO;
				GCC_NO_COMMON_BLOCKS = YES;
				GCC_OPTIMIZATION_LEVEL = 0;
				GCC_PREPROCESSOR_DEFINITIONS = (
					"DEBUG=1",
					"$(inherited)",
				);
				GCC_WARN_64_TO_32_BIT_CONVERSION = YES;
				GCC_WARN_ABOUT_RETURN_TYPE = YES_ERROR;
				GCC_WARN_UNDECLARED_SELECTOR = YES;
				GCC_WARN_UNINITIALIZED_AUTOS = YES_AGGRESSIVE;
				GCC_WARN_UNUSED_FUNCTION = YES;
				GCC_WARN_UNUSED_VARIABLE = YES;
				IPHONEOS_DEPLOYMENT_TARGET = 18.1;
				LOCALIZATION_PREFERS_STRING_CATALOGS = YES;
				MTL_ENABLE_DEBUG_INFO = INCLUDE_SOURCE;
				MTL_FAST_MATH = YES;
				ONLY_ACTIVE_ARCH = YES;
				SDKROOT = iphoneos;
				SWIFT_ACTIVE_COMPILATION_CONDITIONS = "DEBUG $(inherited)";
				SWIFT_OPTIMIZATION_LEVEL = "-Onone";
			};
			name = Debug;
		};
		BFDB03302D1CFF62009BE07B /* Release */ = {
			isa = XCBuildConfiguration;
			buildSettings = {
				ALWAYS_SEARCH_USER_PATHS = NO;
				ASSETCATALOG_COMPILER_GENERATE_SWIFT_ASSET_SYMBOL_EXTENSIONS = YES;
				CLANG_ANALYZER_NONNULL = YES;
				CLANG_ANALYZER_NUMBER_OBJECT_CONVERSION = YES_AGGRESSIVE;
				CLANG_CXX_LANGUAGE_STANDARD = "gnu++20";
				CLANG_ENABLE_MODULES = YES;
				CLANG_ENABLE_OBJC_ARC = YES;
				CLANG_ENABLE_OBJC_WEAK = YES;
				CLANG_WARN_BLOCK_CAPTURE_AUTORELEASING = YES;
				CLANG_WARN_BOOL_CONVERSION = YES;
				CLANG_WARN_COMMA = YES;
				CLANG_WARN_CONSTANT_CONVERSION = YES;
				CLANG_WARN_DEPRECATED_OBJC_IMPLEMENTATIONS = YES;
				CLANG_WARN_DIRECT_OBJC_ISA_USAGE = YES_ERROR;
				CLANG_WARN_DOCUMENTATION_COMMENTS = YES;
				CLANG_WARN_EMPTY_BODY = YES;
				CLANG_WARN_ENUM_CONVERSION = YES;
				CLANG_WARN_INFINITE_RECURSION = YES;
				CLANG_WARN_INT_CONVERSION = YES;
				CLANG_WARN_NON_LITERAL_NULL_CONVERSION = YES;
				CLANG_WARN_OBJC_IMPLICIT_RETAIN_SELF = YES;
				CLANG_WARN_OBJC_LITERAL_CONVERSION = YES;
				CLANG_WARN_OBJC_ROOT_CLASS = YES_ERROR;
				CLANG_WARN_QUOTED_INCLUDE_IN_FRAMEWORK_HEADER = YES;
				CLANG_WARN_RANGE_LOOP_ANALYSIS = YES;
				CLANG_WARN_STRICT_PROTOTYPES = YES;
				CLANG_WARN_SUSPICIOUS_MOVE = YES;
				CLANG_WARN_UNGUARDED_AVAILABILITY = YES_AGGRESSIVE;
				CLANG_WARN_UNREACHABLE_CODE = YES;
				CLANG_WARN__DUPLICATE_METHOD_MATCH = YES;
				COPY_PHASE_STRIP = NO;
				DEBUG_INFORMATION_FORMAT = "dwarf-with-dsym";
				ENABLE_NS_ASSERTIONS = NO;
				ENABLE_STRICT_OBJC_MSGSEND = YES;
				ENABLE_USER_SCRIPT_SANDBOXING = YES;
				GCC_C_LANGUAGE_STANDARD = gnu17;
				GCC_NO_COMMON_BLOCKS = YES;
				GCC_WARN_64_TO_32_BIT_CONVERSION = YES;
				GCC_WARN_ABOUT_RETURN_TYPE = YES_ERROR;
				GCC_WARN_UNDECLARED_SELECTOR = YES;
				GCC_WARN_UNINITIALIZED_AUTOS = YES_AGGRESSIVE;
				GCC_WARN_UNUSED_FUNCTION = YES;
				GCC_WARN_UNUSED_VARIABLE = YES;
				IPHONEOS_DEPLOYMENT_TARGET = 18.1;
				LOCALIZATION_PREFERS_STRING_CATALOGS = YES;
				MTL_ENABLE_DEBUG_INFO = NO;
				MTL_FAST_MATH = YES;
				SDKROOT = iphoneos;
				SWIFT_COMPILATION_MODE = wholemodule;
				VALIDATE_PRODUCT = YES;
			};
			name = Release;
		};
		BFDB03322D1CFF62009BE07B /* Debug */ = {
			isa = XCBuildConfiguration;
			buildSettings = {
				ASSETCATALOG_COMPILER_APPICON_NAME = AppIcon;
				ASSETCATALOG_COMPILER_GLOBAL_ACCENT_COLOR_NAME = AccentColor;
				CODE_SIGN_ENTITLEMENTS = MyTallies/MyTallies.entitlements;
				CODE_SIGN_STYLE = Automatic;
				CURRENT_PROJECT_VERSION = 1;
				DEVELOPMENT_ASSET_PATHS = "\"MyTallies/Preview Content\"";
				DEVELOPMENT_TEAM = T9MD4URZFH;
				ENABLE_PREVIEWS = YES;
				GENERATE_INFOPLIST_FILE = YES;
				INFOPLIST_KEY_UIApplicationSceneManifest_Generation = YES;
				INFOPLIST_KEY_UIApplicationSupportsIndirectInputEvents = YES;
				INFOPLIST_KEY_UILaunchScreen_Generation = YES;
				INFOPLIST_KEY_UISupportedInterfaceOrientations_iPad = "UIInterfaceOrientationPortrait UIInterfaceOrientationPortraitUpsideDown UIInterfaceOrientationLandscapeLeft UIInterfaceOrientationLandscapeRight";
				INFOPLIST_KEY_UISupportedInterfaceOrientations_iPhone = "UIInterfaceOrientationPortrait UIInterfaceOrientationLandscapeLeft UIInterfaceOrientationLandscapeRight";
				LD_RUNPATH_SEARCH_PATHS = (
					"$(inherited)",
					"@executable_path/Frameworks",
				);
				MARKETING_VERSION = 1.0;
				PRODUCT_BUNDLE_IDENTIFIER = com.superkookai.MyTallies;
				PRODUCT_NAME = "$(TARGET_NAME)";
				SWIFT_EMIT_LOC_STRINGS = YES;
				SWIFT_VERSION = 5.0;
				TARGETED_DEVICE_FAMILY = "1,2";
			};
			name = Debug;
		};
		BFDB03332D1CFF62009BE07B /* Release */ = {
			isa = XCBuildConfiguration;
			buildSettings = {
				ASSETCATALOG_COMPILER_APPICON_NAME = AppIcon;
				ASSETCATALOG_COMPILER_GLOBAL_ACCENT_COLOR_NAME = AccentColor;
				CODE_SIGN_ENTITLEMENTS = MyTallies/MyTallies.entitlements;
				CODE_SIGN_STYLE = Automatic;
				CURRENT_PROJECT_VERSION = 1;
				DEVELOPMENT_ASSET_PATHS = "\"MyTallies/Preview Content\"";
				DEVELOPMENT_TEAM = T9MD4URZFH;
				ENABLE_PREVIEWS = YES;
				GENERATE_INFOPLIST_FILE = YES;
				INFOPLIST_KEY_UIApplicationSceneManifest_Generation = YES;
				INFOPLIST_KEY_UIApplicationSupportsIndirectInputEvents = YES;
				INFOPLIST_KEY_UILaunchScreen_Generation = YES;
				INFOPLIST_KEY_UISupportedInterfaceOrientations_iPad = "UIInterfaceOrientationPortrait UIInterfaceOrientationPortraitUpsideDown UIInterfaceOrientationLandscapeLeft UIInterfaceOrientationLandscapeRight";
				INFOPLIST_KEY_UISupportedInterfaceOrientations_iPhone = "UIInterfaceOrientationPortrait UIInterfaceOrientationLandscapeLeft UIInterfaceOrientationLandscapeRight";
				LD_RUNPATH_SEARCH_PATHS = (
					"$(inherited)",
					"@executable_path/Frameworks",
				);
				MARKETING_VERSION = 1.0;
				PRODUCT_BUNDLE_IDENTIFIER = com.superkookai.MyTallies;
				PRODUCT_NAME = "$(TARGET_NAME)";
				SWIFT_EMIT_LOC_STRINGS = YES;
				SWIFT_VERSION = 5.0;
				TARGETED_DEVICE_FAMILY = "1,2";
			};
			name = Release;
		};
		BFDB03602D1D2E31009BE07B /* Debug */ = {
			isa = XCBuildConfiguration;
			buildSettings = {
				ASSETCATALOG_COMPILER_GLOBAL_ACCENT_COLOR_NAME = AccentColor;
				ASSETCATALOG_COMPILER_WIDGET_BACKGROUND_COLOR_NAME = WidgetBackground;
				CODE_SIGN_ENTITLEMENTS = MyTalliesWidgetExtension.entitlements;
				CODE_SIGN_STYLE = Automatic;
				CURRENT_PROJECT_VERSION = 1;
				DEVELOPMENT_TEAM = T9MD4URZFH;
				GENERATE_INFOPLIST_FILE = YES;
				INFOPLIST_FILE = MyTalliesWidget/Info.plist;
				INFOPLIST_KEY_CFBundleDisplayName = MyTalliesWidget;
				INFOPLIST_KEY_NSHumanReadableCopyright = "";
				LD_RUNPATH_SEARCH_PATHS = (
					"$(inherited)",
					"@executable_path/Frameworks",
					"@executable_path/../../Frameworks",
				);
				MARKETING_VERSION = 1.0;
				PRODUCT_BUNDLE_IDENTIFIER = com.superkookai.MyTallies.MyTalliesWidget;
				PRODUCT_NAME = "$(TARGET_NAME)";
				SKIP_INSTALL = YES;
				SWIFT_EMIT_LOC_STRINGS = YES;
				SWIFT_VERSION = 5.0;
				TARGETED_DEVICE_FAMILY = "1,2";
			};
			name = Debug;
		};
		BFDB03612D1D2E31009BE07B /* Release */ = {
			isa = XCBuildConfiguration;
			buildSettings = {
				ASSETCATALOG_COMPILER_GLOBAL_ACCENT_COLOR_NAME = AccentColor;
				ASSETCATALOG_COMPILER_WIDGET_BACKGROUND_COLOR_NAME = WidgetBackground;
				CODE_SIGN_ENTITLEMENTS = MyTalliesWidgetExtension.entitlements;
				CODE_SIGN_STYLE = Automatic;
				CURRENT_PROJECT_VERSION = 1;
				DEVELOPMENT_TEAM = T9MD4URZFH;
				GENERATE_INFOPLIST_FILE = YES;
				INFOPLIST_FILE = MyTalliesWidget/Info.plist;
				INFOPLIST_KEY_CFBundleDisplayName = MyTalliesWidget;
				INFOPLIST_KEY_NSHumanReadableCopyright = "";
				LD_RUNPATH_SEARCH_PATHS = (
					"$(inherited)",
					"@executable_path/Frameworks",
					"@executable_path/../../Frameworks",
				);
				MARKETING_VERSION = 1.0;
				PRODUCT_BUNDLE_IDENTIFIER = com.superkookai.MyTallies.MyTalliesWidget;
				PRODUCT_NAME = "$(TARGET_NAME)";
				SKIP_INSTALL = YES;
				SWIFT_EMIT_LOC_STRINGS = YES;
				SWIFT_VERSION = 5.0;
				TARGETED_DEVICE_FAMILY = "1,2";
			};
			name = Release;
		};
/* End XCBuildConfiguration section */

/* Begin XCConfigurationList section */
		BFDB031E2D1CFF60009BE07B /* Build configuration list for PBXProject "MyTallies" */ = {
			isa = XCConfigurationList;
			buildConfigurations = (
				BFDB032F2D1CFF62009BE07B /* Debug */,
				BFDB03302D1CFF62009BE07B /* Release */,
			);
			defaultConfigurationIsVisible = 0;
			defaultConfigurationName = Release;
		};
		BFDB03312D1CFF62009BE07B /* Build configuration list for PBXNativeTarget "MyTallies" */ = {
			isa = XCConfigurationList;
			buildConfigurations = (
				BFDB03322D1CFF62009BE07B /* Debug */,
				BFDB03332D1CFF62009BE07B /* Release */,
			);
			defaultConfigurationIsVisible = 0;
			defaultConfigurationName = Release;
		};
		BFDB035F2D1D2E31009BE07B /* Build configuration list for PBXNativeTarget "MyTalliesWidgetExtension" */ = {
			isa = XCConfigurationList;
			buildConfigurations = (
				BFDB03602D1D2E31009BE07B /* Debug */,
				BFDB03612D1D2E31009BE07B /* Release */,
			);
			defaultConfigurationIsVisible = 0;
			defaultConfigurationName = Release;
		};
/* End XCConfigurationList section */
	};
	rootObject = BFDB031B2D1CFF60009BE07B /* Project object */;
}
